
Microsoft Visual Studio Solution File, Format Version 12.00
# Visual Studio Version 17
VisualStudioVersion = 17.5.33414.496
MinimumVisualStudioVersion = 10.0.40219.1
Project("{FAE04EC0-301F-11D3-BF4B-00C04F79EFBC}") = "ConsoleApp4", "ConsoleApp4\ConsoleApp4.csproj", "{AFA2CA3C-2C93-4945-9CC8-3325D4C8B9DF}"
EndProject
Global
	GlobalSection(SolutionConfigurationPlatforms) = preSolution
		Debug|Any CPU = Debug|Any CPU
		Release|Any CPU = Release|Any CPU
	EndGlobalSection
	GlobalSection(ProjectConfigurationPlatforms) = postSolution
		{AFA2CA3C-2C93-4945-9CC8-3325D4C8B9DF}.Debug|Any CPU.ActiveCfg = Debug|Any CPU
		{AFA2CA3C-2C93-4945-9CC8-3325D4C8B9DF}.Debug|Any CPU.Build.0 = Debug|Any CPU
		{AFA2CA3C-2C93-4945-9CC8-3325D4C8B9DF}.Release|Any CPU.ActiveCfg = Release|Any CPU
		{AFA2CA3C-2C93-4945-9CC8-3325D4C8B9DF}.Release|Any CPU.Build.0 = Release|Any CPU
	EndGlobalSection
	GlobalSection(SolutionProperties) = preSolution
		HideSolutionNode = FALSE
	EndGlobalSection
	GlobalSection(ExtensibilityGlobals) = postSolution
		SolutionGuid = {8DFB6758-4D9B-458A-9D09-BA24F803A5B0}
	EndGlobalSection
EndGlobal
